{
  "requires": true,
  "lockfileVersion": 1,
  "dependencies": {
    "@interactjs/types": {
      "version": "1.9.18",
      "resolved": "https://registry.npmjs.org/@interactjs/types/-/types-1.9.18.tgz",
      "integrity": "sha512-BkdtzzeCWOP2RT2NBv8dyHFFxXTYWs1CAlg7YF+PyGD65YS2lVb2i3EY1/svHCt9q2GYU853CrBTLDITdiIIZw=="
    },
    "interactjs": {
      "version": "1.9.18",
      "resolved": "https://registry.npmjs.org/interactjs/-/interactjs-1.9.18.tgz",
      "integrity": "sha512-w6vxMYbrvMn2LsCVNJ/s0NQMTQAsG+nn0ncZ8M7YimCtlgD0XmPrwHrfokv59alXOQ9LLlJox2+OXyJdQObYzw==",
      "requires": {
        "@interactjs/types": "1.9.18"
      }
    }
  }
}
